// !$*UTF8*$!
{
	archiveVersion = 1;
	classes = {
	};
	objectVersion = 46;
	objects = {

/* Begin PBXBuildFile section */
		C4678B5A1B877AB800D4AC2D /* main.m in Sources */ = {isa = PBXBuildFile; fileRef = C4678B591B877AB800D4AC2D /* main.m */; };
		C4678B5D1B877AB800D4AC2D /* AppDelegate.m in Sources */ = {isa = PBXBuildFile; fileRef = C4678B5C1B877AB800D4AC2D /* AppDelegate.m */; };
		C4678B681B877AB800D4AC2D /* Images.xcassets in Resources */ = {isa = PBXBuildFile; fileRef = C4678B671B877AB800D4AC2D /* Images.xcassets */; };
		C4678B6B1B877AB800D4AC2D /* LaunchScreen.xib in Resources */ = {isa = PBXBuildFile; fileRef = C4678B691B877AB800D4AC2D /* LaunchScreen.xib */; };
		C4678B771B877AB800D4AC2D /* YourSoundsTests.m in Sources */ = {isa = PBXBuildFile; fileRef = C4678B761B877AB800D4AC2D /* YourSoundsTests.m */; };
		C4678B811B877AF100D4AC2D /* Main.storyboard in Resources */ = {isa = PBXBuildFile; fileRef = C4678B801B877AF100D4AC2D /* Main.storyboard */; };
		C4678B841B877B5400D4AC2D /* GerneViewController.m in Sources */ = {isa = PBXBuildFile; fileRef = C4678B831B877B5400D4AC2D /* GerneViewController.m */; };
		C4678B891B877C8200D4AC2D /* Gerne.m in Sources */ = {isa = PBXBuildFile; fileRef = C4678B881B877C8200D4AC2D /* Gerne.m */; };
		C4678B8C1B8780F100D4AC2D /* Realm.framework in Frameworks */ = {isa = PBXBuildFile; fileRef = C4678B8B1B8780F100D4AC2D /* Realm.framework */; };
		C4678B8E1B87811200D4AC2D /* libc++.dylib in Frameworks */ = {isa = PBXBuildFile; fileRef = C4678B8D1B87811200D4AC2D /* libc++.dylib */; };
		C4678B901B87A13C00D4AC2D /* gerne.json in Resources */ = {isa = PBXBuildFile; fileRef = C4678B8F1B87A13C00D4AC2D /* gerne.json */; };
/* End PBXBuildFile section */

/* Begin PBXContainerItemProxy section */
		C4678B711B877AB800D4AC2D /* PBXContainerItemProxy */ = {
			isa = PBXContainerItemProxy;
			containerPortal = C4678B4C1B877AB800D4AC2D /* Project object */;
			proxyType = 1;
			remoteGlobalIDString = C4678B531B877AB800D4AC2D;
			remoteInfo = YourSounds;
		};
/* End PBXContainerItemProxy section */

/* Begin PBXFileReference section */
		C4678B541B877AB800D4AC2D /* YourSounds.app */ = {isa = PBXFileReference; explicitFileType = wrapper.application; includeInIndex = 0; path = YourSounds.app; sourceTree = BUILT_PRODUCTS_DIR; };
		C4678B581B877AB800D4AC2D /* Info.plist */ = {isa = PBXFileReference; lastKnownFileType = text.plist.xml; path = Info.plist; sourceTree = "<group>"; };
		C4678B591B877AB800D4AC2D /* main.m */ = {isa = PBXFileReference; lastKnownFileType = sourcecode.c.objc; path = main.m; sourceTree = "<group>"; };
		C4678B5B1B877AB800D4AC2D /* AppDelegate.h */ = {isa = PBXFileReference; lastKnownFileType = sourcecode.c.h; path = AppDelegate.h; sourceTree = "<group>"; };
		C4678B5C1B877AB800D4AC2D /* AppDelegate.m */ = {isa = PBXFileReference; lastKnownFileType = sourcecode.c.objc; path = AppDelegate.m; sourceTree = "<group>"; };
		C4678B671B877AB800D4AC2D /* Images.xcassets */ = {isa = PBXFileReference; lastKnownFileType = folder.assetcatalog; path = Images.xcassets; sourceTree = "<group>"; };
		C4678B6A1B877AB800D4AC2D /* Base */ = {isa = PBXFileReference; lastKnownFileType = file.xib; name = Base; path = Base.lproj/LaunchScreen.xib; sourceTree = "<group>"; };
		C4678B701B877AB800D4AC2D /* YourSoundsTests.xctest */ = {isa = PBXFileReference; explicitFileType = wrapper.cfbundle; includeInIndex = 0; path = YourSoundsTests.xctest; sourceTree = BUILT_PRODUCTS_DIR; };
		C4678B751B877AB800D4AC2D /* Info.plist */ = {isa = PBXFileReference; lastKnownFileType = text.plist.xml; path = Info.plist; sourceTree = "<group>"; };
		C4678B761B877AB800D4AC2D /* YourSoundsTests.m */ = {isa = PBXFileReference; lastKnownFileType = sourcecode.c.objc; path = YourSoundsTests.m; sourceTree = "<group>"; };
		C4678B801B877AF100D4AC2D /* Main.storyboard */ = {isa = PBXFileReference; fileEncoding = 4; lastKnownFileType = file.storyboard; path = Main.storyboard; sourceTree = "<group>"; };
		C4678B821B877B5400D4AC2D /* GerneViewController.h */ = {isa = PBXFileReference; fileEncoding = 4; lastKnownFileType = sourcecode.c.h; path = GerneViewController.h; sourceTree = "<group>"; };
		C4678B831B877B5400D4AC2D /* GerneViewController.m */ = {isa = PBXFileReference; fileEncoding = 4; lastKnownFileType = sourcecode.c.objc; path = GerneViewController.m; sourceTree = "<group>"; };
		C4678B871B877C8200D4AC2D /* Gerne.h */ = {isa = PBXFileReference; fileEncoding = 4; lastKnownFileType = sourcecode.c.h; path = Gerne.h; sourceTree = "<group>"; };
		C4678B881B877C8200D4AC2D /* Gerne.m */ = {isa = PBXFileReference; fileEncoding = 4; lastKnownFileType = sourcecode.c.objc; path = Gerne.m; sourceTree = "<group>"; };
		C4678B8B1B8780F100D4AC2D /* Realm.framework */ = {isa = PBXFileReference; lastKnownFileType = wrapper.framework; path = Realm.framework; sourceTree = "<group>"; };
		C4678B8D1B87811200D4AC2D /* libc++.dylib */ = {isa = PBXFileReference; lastKnownFileType = "compiled.mach-o.dylib"; name = "libc++.dylib"; path = "usr/lib/libc++.dylib"; sourceTree = SDKROOT; };
		C4678B8F1B87A13C00D4AC2D /* gerne.json */ = {isa = PBXFileReference; fileEncoding = 4; lastKnownFileType = text.json; path = gerne.json; sourceTree = "<group>"; };
/* End PBXFileReference section */

/* Begin PBXFrameworksBuildPhase section */
		C4678B511B877AB800D4AC2D /* Frameworks */ = {
			isa = PBXFrameworksBuildPhase;
			buildActionMask = 2147483647;
			files = (
				C4678B8E1B87811200D4AC2D /* libc++.dylib in Frameworks */,
				C4678B8C1B8780F100D4AC2D /* Realm.framework in Frameworks */,
			);
			runOnlyForDeploymentPostprocessing = 0;
		};
		C4678B6D1B877AB800D4AC2D /* Frameworks */ = {
			isa = PBXFrameworksBuildPhase;
			buildActionMask = 2147483647;
			files = (
			);
			runOnlyForDeploymentPostprocessing = 0;
		};
/* End PBXFrameworksBuildPhase section */

/* Begin PBXGroup section */
		C4678B4B1B877AB800D4AC2D = {
			isa = PBXGroup;
			children = (
				C4678B561B877AB800D4AC2D /* YourSounds */,
				C4678B731B877AB800D4AC2D /* YourSoundsTests */,
				C4678B551B877AB800D4AC2D /* Products */,
			);
			sourceTree = "<group>";
		};
		C4678B551B877AB800D4AC2D /* Products */ = {
			isa = PBXGroup;
			children = (
				C4678B541B877AB800D4AC2D /* YourSounds.app */,
				C4678B701B877AB800D4AC2D /* YourSoundsTests.xctest */,
			);
			name = Products;
			sourceTree = "<group>";
		};
		C4678B561B877AB800D4AC2D /* YourSounds */ = {
			isa = PBXGroup;
			children = (
				C4678B861B877BB700D4AC2D /* ViewController */,
				C4678B851B877BB100D4AC2D /* Model */,
				C4678B5B1B877AB800D4AC2D /* AppDelegate.h */,
				C4678B5C1B877AB800D4AC2D /* AppDelegate.m */,
				C4678B801B877AF100D4AC2D /* Main.storyboard */,
				C4678B671B877AB800D4AC2D /* Images.xcassets */,
				C4678B691B877AB800D4AC2D /* LaunchScreen.xib */,
				C4678B571B877AB800D4AC2D /* Supporting Files */,
			);
			path = YourSounds;
			sourceTree = "<group>";
		};
		C4678B571B877AB800D4AC2D /* Supporting Files */ = {
			isa = PBXGroup;
			children = (
				C4678B8F1B87A13C00D4AC2D /* gerne.json */,
				C4678B8D1B87811200D4AC2D /* libc++.dylib */,
				C4678B8B1B8780F100D4AC2D /* Realm.framework */,
				C4678B581B877AB800D4AC2D /* Info.plist */,
				C4678B591B877AB800D4AC2D /* main.m */,
			);
			name = "Supporting Files";
			sourceTree = "<group>";
		};
		C4678B731B877AB800D4AC2D /* YourSoundsTests */ = {
			isa = PBXGroup;
			children = (
				C4678B761B877AB800D4AC2D /* YourSoundsTests.m */,
				C4678B741B877AB800D4AC2D /* Supporting Files */,
			);
			path = YourSoundsTests;
			sourceTree = "<group>";
		};
		C4678B741B877AB800D4AC2D /* Supporting Files */ = {
			isa = PBXGroup;
			children = (
				C4678B751B877AB800D4AC2D /* Info.plist */,
			);
			name = "Supporting Files";
			sourceTree = "<group>";
		};
		C4678B851B877BB100D4AC2D /* Model */ = {
			isa = PBXGroup;
			children = (
				C4678B871B877C8200D4AC2D /* Gerne.h */,
				C4678B881B877C8200D4AC2D /* Gerne.m */,
			);
			name = Model;
			sourceTree = "<group>";
		};
		C4678B861B877BB700D4AC2D /* ViewController */ = {
			isa = PBXGroup;
			children = (
				C4678B821B877B5400D4AC2D /* GerneViewController.h */,
				C4678B831B877B5400D4AC2D /* GerneViewController.m */,
			);
			name = ViewController;
			sourceTree = "<group>";
		};
/* End PBXGroup section */

/* Begin PBXNativeTarget section */
		C4678B531B877AB800D4AC2D /* YourSounds */ = {
			isa = PBXNativeTarget;
			buildConfigurationList = C4678B7A1B877AB800D4AC2D /* Build configuration list for PBXNativeTarget "YourSounds" */;
			buildPhases = (
				C4678B501B877AB800D4AC2D /* Sources */,
				C4678B511B877AB800D4AC2D /* Frameworks */,
				C4678B521B877AB800D4AC2D /* Resources */,
			);
			buildRules = (
			);
			dependencies = (
			);
			name = YourSounds;
			productName = YourSounds;
			productReference = C4678B541B877AB800D4AC2D /* YourSounds.app */;
			productType = "com.apple.product-type.application";
		};
		C4678B6F1B877AB800D4AC2D /* YourSoundsTests */ = {
			isa = PBXNativeTarget;
			buildConfigurationList = C4678B7D1B877AB800D4AC2D /* Build configuration list for PBXNativeTarget "YourSoundsTests" */;
			buildPhases = (
				C4678B6C1B877AB800D4AC2D /* Sources */,
				C4678B6D1B877AB800D4AC2D /* Frameworks */,
				C4678B6E1B877AB800D4AC2D /* Resources */,
			);
			buildRules = (
			);
			dependencies = (
				C4678B721B877AB800D4AC2D /* PBXTargetDependency */,
			);
			name = YourSoundsTests;
			productName = YourSoundsTests;
			productReference = C4678B701B877AB800D4AC2D /* YourSoundsTests.xctest */;
			productType = "com.apple.product-type.bundle.unit-test";
		};
/* End PBXNativeTarget section */

/* Begin PBXProject section */
		C4678B4C1B877AB800D4AC2D /* Project object */ = {
			isa = PBXProject;
			attributes = {
				LastUpgradeCheck = 0640;
				ORGANIZATIONNAME = "Duong Nguyen";
				TargetAttributes = {
					C4678B531B877AB800D4AC2D = {
						CreatedOnToolsVersion = 6.4;
					};
					C4678B6F1B877AB800D4AC2D = {
						CreatedOnToolsVersion = 6.4;
						TestTargetID = C4678B531B877AB800D4AC2D;
					};
				};
			};
			buildConfigurationList = C4678B4F1B877AB800D4AC2D /* Build configuration list for PBXProject "YourSounds" */;
			compatibilityVersion = "Xcode 3.2";
			developmentRegion = English;
			hasScannedForEncodings = 0;
			knownRegions = (
				en,
				Base,
			);
			mainGroup = C4678B4B1B877AB800D4AC2D;
			productRefGroup = C4678B551B877AB800D4AC2D /* Products */;
			projectDirPath = "";
			projectRoot = "";
			targets = (
				C4678B531B877AB800D4AC2D /* YourSounds */,
				C4678B6F1B877AB800D4AC2D /* YourSoundsTests */,
			);
		};
/* End PBXProject section */

/* Begin PBXResourcesBuildPhase section */
		C4678B521B877AB800D4AC2D /* Resources */ = {
			isa = PBXResourcesBuildPhase;
			buildActionMask = 2147483647;
			files = (
				C4678B811B877AF100D4AC2D /* Main.storyboard in Resources */,
				C4678B6B1B877AB800D4AC2D /* LaunchScreen.xib in Resources */,
				C4678B681B877AB800D4AC2D /* Images.xcassets in Resources */,
				C4678B901B87A13C00D4AC2D /* gerne.json in Resources */,
			);
			runOnlyForDeploymentPostprocessing = 0;
		};
		C4678B6E1B877AB800D4AC2D /* Resources */ = {
			isa = PBXResourcesBuildPhase;
			buildActionMask = 2147483647;
			files = (
			);
			runOnlyForDeploymentPostprocessing = 0;
		};
/* End PBXResourcesBuildPhase section */

/* Begin PBXSourcesBuildPhase section */
		C4678B501B877AB800D4AC2D /* Sources */ = {
			isa = PBXSourcesBuildPhase;
			buildActionMask = 2147483647;
			files = (
				C4678B5D1B877AB800D4AC2D /* AppDelegate.m in Sources */,
				C4678B5A1B877AB800D4AC2D /* main.m in Sources */,
				C4678B841B877B5400D4AC2D /* GerneViewController.m in Sources */,
				C4678B891B877C8200D4AC2D /* Gerne.m in Sources */,
			);
			runOnlyForDeploymentPostprocessing = 0;
		};
		C4678B6C1B877AB800D4AC2D /* Sources */ = {
			isa = PBXSourcesBuildPhase;
			buildActionMask = 2147483647;
			files = (
				C4678B771B877AB800D4AC2D /* YourSoundsTests.m in Sources */,
			);
			runOnlyForDeploymentPostprocessing = 0;
		};
/* End PBXSourcesBuildPhase section */

/* Begin PBXTargetDependency section */
		C4678B721B877AB800D4AC2D /* PBXTargetDependency */ = {
			isa = PBXTargetDependency;
			target = C4678B531B877AB800D4AC2D /* YourSounds */;
			targetProxy = C4678B711B877AB800D4AC2D /* PBXContainerItemProxy */;
		};
/* End PBXTargetDependency section */

/* Begin PBXVariantGroup section */
		C4678B691B877AB800D4AC2D /* LaunchScreen.xib */ = {
			isa = PBXVariantGroup;
			children = (
				C4678B6A1B877AB800D4AC2D /* Base */,
			);
			name = LaunchScreen.xib;
			sourceTree = "<group>";
		};
/* End PBXVariantGroup section */

/* Begin XCBuildConfiguration section */
		C4678B781B877AB800D4AC2D /* Debug */ = {
			isa = XCBuildConfiguration;
			buildSettings = {
				ALWAYS_SEARCH_USER_PATHS = NO;
				CLANG_CXX_LANGUAGE_STANDARD = "gnu++0x";
				CLANG_CXX_LIBRARY = "libc++";
				CLANG_ENABLE_MODULES = YES;
				CLANG_ENABLE_OBJC_ARC = YES;
				CLANG_WARN_BOOL_CONVERSION = YES;
				CLANG_WARN_CONSTANT_CONVERSION = YES;
				CLANG_WARN_DIRECT_OBJC_ISA_USAGE = YES_ERROR;
				CLANG_WARN_EMPTY_BODY = YES;
				CLANG_WARN_ENUM_CONVERSION = YES;
				CLANG_WARN_INT_CONVERSION = YES;
				CLANG_WARN_OBJC_ROOT_CLASS = YES_ERROR;
				CLANG_WARN_UNREACHABLE_CODE = YES;
				CLANG_WARN__DUPLICATE_METHOD_MATCH = YES;
				"CODE_SIGN_IDENTITY[sdk=iphoneos*]" = "iPhone Developer";
				COPY_PHASE_STRIP = NO;
				DEBUG_INFORMATION_FORMAT = "dwarf-with-dsym";
				ENABLE_STRICT_OBJC_MSGSEND = YES;
				GCC_C_LANGUAGE_STANDARD = gnu99;
				GCC_DYNAMIC_NO_PIC = NO;
				GCC_NO_COMMON_BLOCKS = YES;
				GCC_OPTIMIZATION_LEVEL = 0;
				GCC_PREPROCESSOR_DEFINITIONS = (
					"DEBUG=1",
					"$(inherited)",
				);
				GCC_SYMBOLS_PRIVATE_EXTERN = NO;
				GCC_WARN_64_TO_32_BIT_CONVERSION = YES;
				GCC_WARN_ABOUT_RETURN_TYPE = YES_ERROR;
				GCC_WARN_UNDECLARED_SELECTOR = YES;
				GCC_WARN_UNINITIALIZED_AUTOS = YES_AGGRESSIVE;
				GCC_WARN_UNUSED_FUNCTION = YES;
				GCC_WARN_UNUSED_VARIABLE = YES;
				IPHONEOS_DEPLOYMENT_TARGET = 8.4;
				MTL_ENABLE_DEBUG_INFO = YES;
				ONLY_ACTIVE_ARCH = YES;
				SDKROOT = iphoneos;
				TARGETED_DEVICE_FAMILY = "1,2";
			};
			name = Debug;
		};
		C4678B791B877AB800D4AC2D /* Release */ = {
			isa = XCBuildConfiguration;
			buildSettings = {
				ALWAYS_SEARCH_USER_PATHS = NO;
				CLANG_CXX_LANGUAGE_STANDARD = "gnu++0x";
				CLANG_CXX_LIBRARY = "libc++";
				CLANG_ENABLE_MODULES = YES;
				CLANG_ENABLE_OBJC_ARC = YES;
				CLANG_WARN_BOOL_CONVERSION = YES;
				CLANG_WARN_CONSTANT_CONVERSION = YES;
				CLANG_WARN_DIRECT_OBJC_ISA_USAGE = YES_ERROR;
				CLANG_WARN_EMPTY_BODY = YES;
				CLANG_WARN_ENUM_CONVERSION = YES;
				CLANG_WARN_INT_CONVERSION = YES;
				CLANG_WARN_OBJC_ROOT_CLASS = YES_ERROR;
				CLANG_WARN_UNREACHABLE_CODE = YES;
				CLANG_WARN__DUPLICATE_METHOD_MATCH = YES;
				"CODE_SIGN_IDENTITY[sdk=iphoneos*]" = "iPhone Developer";
				COPY_PHASE_STRIP = NO;
				DEBUG_INFORMATION_FORMAT = "dwarf-with-dsym";
				ENABLE_NS_ASSERTIONS = NO;
				ENABLE_STRICT_OBJC_MSGSEND = YES;
				GCC_C_LANGUAGE_STANDARD = gnu99;
				GCC_NO_COMMON_BLOCKS = YES;
				GCC_WARN_64_TO_32_BIT_CONVERSION = YES;
				GCC_WARN_ABOUT_RETURN_TYPE = YES_ERROR;
				GCC_WARN_UNDECLARED_SELECTOR = YES;
				GCC_WARN_UNINITIALIZED_AUTOS = YES_AGGRESSIVE;
				GCC_WARN_UNUSED_FUNCTION = YES;
				GCC_WARN_UNUSED_VARIABLE = YES;
				IPHONEOS_DEPLOYMENT_TARGET = 8.4;
				MTL_ENABLE_DEBUG_INFO = NO;
				SDKROOT = iphoneos;
				TARGETED_DEVICE_FAMILY = "1,2";
				VALIDATE_PRODUCT = YES;
			};
			name = Release;
		};
		C4678B7B1B877AB800D4AC2D /* Debug */ = {
			isa = XCBuildConfiguration;
			buildSettings = {
				ASSETCATALOG_COMPILER_APPICON_NAME = AppIcon;
				FRAMEWORK_SEARCH_PATHS = (
					"$(inherited)",
					"$(PROJECT_DIR)/YourSounds",
				);
				INFOPLIST_FILE = YourSounds/Info.plist;
				LD_RUNPATH_SEARCH_PATHS = "$(inherited) @executable_path/Frameworks";
				PRODUCT_NAME = "$(TARGET_NAME)";
			};
			name = Debug;
		};
		C4678B7C1B877AB800D4AC2D /* Release */ = {
			isa = XCBuildConfiguration;
			buildSettings = {
				ASSETCATALOG_COMPILER_APPICON_NAME = AppIcon;
				FRAMEWORK_SEARCH_PATHS = (
					"$(inherited)",
					"$(PROJECT_DIR)/YourSounds",
				);
				INFOPLIST_FILE = YourSounds/Info.plist;
				LD_RUNPATH_SEARCH_PATHS = "$(inherited) @executable_path/Frameworks";
				PRODUCT_NAME = "$(TARGET_NAME)";
			};
			name = Release;
		};
		C4678B7E1B877AB800D4AC2D /* Debug */ = {
			isa = XCBuildConfiguration;
			buildSettings = {
				BUNDLE_LOADER = "$(TEST_HOST)";
				FRAMEWORK_SEARCH_PATHS = (
					"$(SDKROOT)/Developer/Library/Frameworks",
					"$(inherited)",
				);
				GCC_PREPROCESSOR_DEFINITIONS = (
					"DEBUG=1",
					"$(inherited)",
				);
				INFOPLIST_FILE = YourSoundsTests/Info.plist;
				LD_RUNPATH_SEARCH_PATHS = "$(inherited) @executable_path/Frameworks @loader_path/Frameworks";
				PRODUCT_NAME = "$(TARGET_NAME)";
				TEST_HOST = "$(BUILT_PRODUCTS_DIR)/YourSounds.app/YourSounds";
			};
			name = Debug;
		};
		C4678B7F1B877AB800D4AC2D /* Release */ = {
			isa = XCBuildConfiguration;
			buildSettings = {
				BUNDLE_LOADER = "$(TEST_HOST)";
				FRAMEWORK_SEARCH_PATHS = (
					"$(SDKROOT)/Developer/Library/Frameworks",
					"$(inherited)",
				);
				INFOPLIST_FILE = YourSoundsTests/Info.plist;
				LD_RUNPATH_SEARCH_PATHS = "$(inherited) @executable_path/Frameworks @loader_path/Frameworks";
				PRODUCT_NAME = "$(TARGET_NAME)";
				TEST_HOST = "$(BUILT_PRODUCTS_DIR)/YourSounds.app/YourSounds";
			};
			name = Release;
		};
/* End XCBuildConfiguration section */

/* Begin XCConfigurationList section */
		C4678B4F1B877AB800D4AC2D /* Build configuration list for PBXProject "YourSounds" */ = {
			isa = XCConfigurationList;
			buildConfigurations = (
				C4678B781B877AB800D4AC2D /* Debug */,
				C4678B791B877AB800D4AC2D /* Release */,
			);
			defaultConfigurationIsVisible = 0;
			defaultConfigurationName = Release;
		};
		C4678B7A1B877AB800D4AC2D /* Build configuration list for PBXNativeTarget "YourSounds" */ = {
			isa = XCConfigurationList;
			buildConfigurations = (
				C4678B7B1B877AB800D4AC2D /* Debug */,
				C4678B7C1B877AB800D4AC2D /* Release */,
			);
			defaultConfigurationIsVisible = 0;
			defaultConfigurationName = Release;
		};
		C4678B7D1B877AB800D4AC2D /* Build configuration list for PBXNativeTarget "YourSoundsTests" */ = {
			isa = XCConfigurationList;
			buildConfigurations = (
				C4678B7E1B877AB800D4AC2D /* Debug */,
				C4678B7F1B877AB800D4AC2D /* Release */,
			);
			defaultConfigurationIsVisible = 0;
			defaultConfigurationName = Release;
		};
/* End XCConfigurationList section */
	};
	rootObject = C4678B4C1B877AB800D4AC2D /* Project object */;
}
